// !$*UTF8*$!
{
	archiveVersion = 1;
	classes = {
	};
	objectVersion = 56;
	objects = {

/* Begin PBXBuildFile section */
		4D7CB4192C29DA4700778215 /* SwiftUI_BasicsApp.swift in Sources */ = {isa = PBXBuildFile; fileRef = 4D7CB4182C29DA4700778215 /* SwiftUI_BasicsApp.swift */; };
		4D7CB41B2C29DA4700778215 /* ContentView.swift in Sources */ = {isa = PBXBuildFile; fileRef = 4D7CB41A2C29DA4700778215 /* ContentView.swift */; };
		4D7CB41D2C29DA4900778215 /* Assets.xcassets in Resources */ = {isa = PBXBuildFile; fileRef = 4D7CB41C2C29DA4900778215 /* Assets.xcassets */; };
		4D7CB4202C29DA4900778215 /* Preview Assets.xcassets in Resources */ = {isa = PBXBuildFile; fileRef = 4D7CB41F2C29DA4900778215 /* Preview Assets.xcassets */; };
		4D7CB42A2C29DA4900778215 /* SwiftUI_BasicsTests.swift in Sources */ = {isa = PBXBuildFile; fileRef = 4D7CB4292C29DA4900778215 /* SwiftUI_BasicsTests.swift */; };
		4D7CB4342C29DA4900778215 /* SwiftUI_BasicsUITests.swift in Sources */ = {isa = PBXBuildFile; fileRef = 4D7CB4332C29DA4900778215 /* SwiftUI_BasicsUITests.swift */; };
		4D7CB4362C29DA4900778215 /* SwiftUI_BasicsUITestsLaunchTests.swift in Sources */ = {isa = PBXBuildFile; fileRef = 4D7CB4352C29DA4900778215 /* SwiftUI_BasicsUITestsLaunchTests.swift */; };
		4D7CB4432C2AA33700778215 /* Video.swift in Sources */ = {isa = PBXBuildFile; fileRef = 4D7CB4422C2AA33700778215 /* Video.swift */; };
/* End PBXBuildFile section */

/* Begin PBXContainerItemProxy section */
		4D7CB4262C29DA4900778215 /* PBXContainerItemProxy */ = {
			isa = PBXContainerItemProxy;
			containerPortal = 4D7CB40D2C29DA4700778215 /* Project object */;
			proxyType = 1;
			remoteGlobalIDString = 4D7CB4142C29DA4700778215;
			remoteInfo = "SwiftUI-Basics";
		};
		4D7CB4302C29DA4900778215 /* PBXContainerItemProxy */ = {
			isa = PBXContainerItemProxy;
			containerPortal = 4D7CB40D2C29DA4700778215 /* Project object */;
			proxyType = 1;
			remoteGlobalIDString = 4D7CB4142C29DA4700778215;
			remoteInfo = "SwiftUI-Basics";
		};
/* End PBXContainerItemProxy section */

/* Begin PBXFileReference section */
		4D7CB4152C29DA4700778215 /* SwiftUI-Basics.app */ = {isa = PBXFileReference; explicitFileType = wrapper.application; includeInIndex = 0; path = "SwiftUI-Basics.app"; sourceTree = BUILT_PRODUCTS_DIR; };
		4D7CB4182C29DA4700778215 /* SwiftUI_BasicsApp.swift */ = {isa = PBXFileReference; lastKnownFileType = sourcecode.swift; path = SwiftUI_BasicsApp.swift; sourceTree = "<group>"; };
		4D7CB41A2C29DA4700778215 /* ContentView.swift */ = {isa = PBXFileReference; lastKnownFileType = sourcecode.swift; path = ContentView.swift; sourceTree = "<group>"; };
		4D7CB41C2C29DA4900778215 /* Assets.xcassets */ = {isa = PBXFileReference; lastKnownFileType = folder.assetcatalog; path = Assets.xcassets; sourceTree = "<group>"; };
		4D7CB41F2C29DA4900778215 /* Preview Assets.xcassets */ = {isa = PBXFileReference; lastKnownFileType = folder.assetcatalog; path = "Preview Assets.xcassets"; sourceTree = "<group>"; };
		4D7CB4252C29DA4900778215 /* SwiftUI-BasicsTests.xctest */ = {isa = PBXFileReference; explicitFileType = wrapper.cfbundle; includeInIndex = 0; path = "SwiftUI-BasicsTests.xctest"; sourceTree = BUILT_PRODUCTS_DIR; };
		4D7CB4292C29DA4900778215 /* SwiftUI_BasicsTests.swift */ = {isa = PBXFileReference; lastKnownFileType = sourcecode.swift; path = SwiftUI_BasicsTests.swift; sourceTree = "<group>"; };
		4D7CB42F2C29DA4900778215 /* SwiftUI-BasicsUITests.xctest */ = {isa = PBXFileReference; explicitFileType = wrapper.cfbundle; includeInIndex = 0; path = "SwiftUI-BasicsUITests.xctest"; sourceTree = BUILT_PRODUCTS_DIR; };
		4D7CB4332C29DA4900778215 /* SwiftUI_BasicsUITests.swift */ = {isa = PBXFileReference; lastKnownFileType = sourcecode.swift; path = SwiftUI_BasicsUITests.swift; sourceTree = "<group>"; };
		4D7CB4352C29DA4900778215 /* SwiftUI_BasicsUITestsLaunchTests.swift */ = {isa = PBXFileReference; lastKnownFileType = sourcecode.swift; path = SwiftUI_BasicsUITestsLaunchTests.swift; sourceTree = "<group>"; };
		4D7CB4422C2AA33700778215 /* Video.swift */ = {isa = PBXFileReference; lastKnownFileType = sourcecode.swift; path = Video.swift; sourceTree = "<group>"; };
/* End PBXFileReference section */

/* Begin PBXFrameworksBuildPhase section */
		4D7CB4122C29DA4700778215 /* Frameworks */ = {
			isa = PBXFrameworksBuildPhase;
			buildActionMask = 2147483647;
			files = (
			);
			runOnlyForDeploymentPostprocessing = 0;
		};
		4D7CB4222C29DA4900778215 /* Frameworks */ = {
			isa = PBXFrameworksBuildPhase;
			buildActionMask = 2147483647;
			files = (
			);
			runOnlyForDeploymentPostprocessing = 0;
		};
		4D7CB42C2C29DA4900778215 /* Frameworks */ = {
			isa = PBXFrameworksBuildPhase;
			buildActionMask = 2147483647;
			files = (
			);
			runOnlyForDeploymentPostprocessing = 0;
		};
/* End PBXFrameworksBuildPhase section */

/* Begin PBXGroup section */
		4D7CB40C2C29DA4700778215 = {
			isa = PBXGroup;
			children = (
				4D7CB4172C29DA4700778215 /* SwiftUI-Basics */,
				4D7CB4282C29DA4900778215 /* SwiftUI-BasicsTests */,
				4D7CB4322C29DA4900778215 /* SwiftUI-BasicsUITests */,
				4D7CB4162C29DA4700778215 /* Products */,
			);
			sourceTree = "<group>";
		};
		4D7CB4162C29DA4700778215 /* Products */ = {
			isa = PBXGroup;
			children = (
				4D7CB4152C29DA4700778215 /* SwiftUI-Basics.app */,
				4D7CB4252C29DA4900778215 /* SwiftUI-BasicsTests.xctest */,
				4D7CB42F2C29DA4900778215 /* SwiftUI-BasicsUITests.xctest */,
			);
			name = Products;
			sourceTree = "<group>";
		};
		4D7CB4172C29DA4700778215 /* SwiftUI-Basics */ = {
			isa = PBXGroup;
			children = (
				4D7CB4182C29DA4700778215 /* SwiftUI_BasicsApp.swift */,
				4D7CB41A2C29DA4700778215 /* ContentView.swift */,
				4D7CB4422C2AA33700778215 /* Video.swift */,
				4D7CB41C2C29DA4900778215 /* Assets.xcassets */,
				4D7CB41E2C29DA4900778215 /* Preview Content */,
			);
			path = "SwiftUI-Basics";
			sourceTree = "<group>";
		};
		4D7CB41E2C29DA4900778215 /* Preview Content */ = {
			isa = PBXGroup;
			children = (
				4D7CB41F2C29DA4900778215 /* Preview Assets.xcassets */,
			);
			path = "Preview Content";
			sourceTree = "<group>";
		};
		4D7CB4282C29DA4900778215 /* SwiftUI-BasicsTests */ = {
			isa = PBXGroup;
			children = (
				4D7CB4292C29DA4900778215 /* SwiftUI_BasicsTests.swift */,
			);
			path = "SwiftUI-BasicsTests";
			sourceTree = "<group>";
		};
		4D7CB4322C29DA4900778215 /* SwiftUI-BasicsUITests */ = {
			isa = PBXGroup;
			children = (
				4D7CB4332C29DA4900778215 /* SwiftUI_BasicsUITests.swift */,
				4D7CB4352C29DA4900778215 /* SwiftUI_BasicsUITestsLaunchTests.swift */,
			);
			path = "SwiftUI-BasicsUITests";
			sourceTree = "<group>";
		};
/* End PBXGroup section */

/* Begin PBXNativeTarget section */
		4D7CB4142C29DA4700778215 /* SwiftUI-Basics */ = {
			isa = PBXNativeTarget;
			buildConfigurationList = 4D7CB4392C29DA4900778215 /* Build configuration list for PBXNativeTarget "SwiftUI-Basics" */;
			buildPhases = (
				4D7CB4112C29DA4700778215 /* Sources */,
				4D7CB4122C29DA4700778215 /* Frameworks */,
				4D7CB4132C29DA4700778215 /* Resources */,
			);
			buildRules = (
			);
			dependencies = (
			);
			name = "SwiftUI-Basics";
			productName = "SwiftUI-Basics";
			productReference = 4D7CB4152C29DA4700778215 /* SwiftUI-Basics.app */;
			productType = "com.apple.product-type.application";
		};
		4D7CB4242C29DA4900778215 /* SwiftUI-BasicsTests */ = {
			isa = PBXNativeTarget;
			buildConfigurationList = 4D7CB43C2C29DA4900778215 /* Build configuration list for PBXNativeTarget "SwiftUI-BasicsTests" */;
			buildPhases = (
				4D7CB4212C29DA4900778215 /* Sources */,
				4D7CB4222C29DA4900778215 /* Frameworks */,
				4D7CB4232C29DA4900778215 /* Resources */,
			);
			buildRules = (
			);
			dependencies = (
				4D7CB4272C29DA4900778215 /* PBXTargetDependency */,
			);
			name = "SwiftUI-BasicsTests";
			productName = "SwiftUI-BasicsTests";
			productReference = 4D7CB4252C29DA4900778215 /* SwiftUI-BasicsTests.xctest */;
			productType = "com.apple.product-type.bundle.unit-test";
		};
		4D7CB42E2C29DA4900778215 /* SwiftUI-BasicsUITests */ = {
			isa = PBXNativeTarget;
			buildConfigurationList = 4D7CB43F2C29DA4900778215 /* Build configuration list for PBXNativeTarget "SwiftUI-BasicsUITests" */;
			buildPhases = (
				4D7CB42B2C29DA4900778215 /* Sources */,
				4D7CB42C2C29DA4900778215 /* Frameworks */,
				4D7CB42D2C29DA4900778215 /* Resources */,
			);
			buildRules = (
			);
			dependencies = (
				4D7CB4312C29DA4900778215 /* PBXTargetDependency */,
			);
			name = "SwiftUI-BasicsUITests";
			productName = "SwiftUI-BasicsUITests";
			productReference = 4D7CB42F2C29DA4900778215 /* SwiftUI-BasicsUITests.xctest */;
			productType = "com.apple.product-type.bundle.ui-testing";
		};
/* End PBXNativeTarget section */

/* Begin PBXProject section */
		4D7CB40D2C29DA4700778215 /* Project object */ = {
			isa = PBXProject;
			attributes = {
				BuildIndependentTargetsInParallel = 1;
				LastSwiftUpdateCheck = 1540;
				LastUpgradeCheck = 1540;
				TargetAttributes = {
					4D7CB4142C29DA4700778215 = {
						CreatedOnToolsVersion = 15.4;
					};
					4D7CB4242C29DA4900778215 = {
						CreatedOnToolsVersion = 15.4;
						TestTargetID = 4D7CB4142C29DA4700778215;
					};
					4D7CB42E2C29DA4900778215 = {
						CreatedOnToolsVersion = 15.4;
						TestTargetID = 4D7CB4142C29DA4700778215;
					};
				};
			};
			buildConfigurationList = 4D7CB4102C29DA4700778215 /* Build configuration list for PBXProject "SwiftUI-Basics" */;
			compatibilityVersion = "Xcode 14.0";
			developmentRegion = en;
			hasScannedForEncodings = 0;
			knownRegions = (
				en,
				Base,
			);
			mainGroup = 4D7CB40C2C29DA4700778215;
			productRefGroup = 4D7CB4162C29DA4700778215 /* Products */;
			projectDirPath = "";
			projectRoot = "";
			targets = (
				4D7CB4142C29DA4700778215 /* SwiftUI-Basics */,
				4D7CB4242C29DA4900778215 /* SwiftUI-BasicsTests */,
				4D7CB42E2C29DA4900778215 /* SwiftUI-BasicsUITests */,
			);
		};
/* End PBXProject section */

/* Begin PBXResourcesBuildPhase section */
		4D7CB4132C29DA4700778215 /* Resources */ = {
			isa = PBXResourcesBuildPhase;
			buildActionMask = 2147483647;
			files = (
				4D7CB4202C29DA4900778215 /* Preview Assets.xcassets in Resources */,
				4D7CB41D2C29DA4900778215 /* Assets.xcassets in Resources */,
			);
			runOnlyForDeploymentPostprocessing = 0;
		};
		4D7CB4232C29DA4900778215 /* Resources */ = {
			isa = PBXResourcesBuildPhase;
			buildActionMask = 2147483647;
			files = (
			);
			runOnlyForDeploymentPostprocessing = 0;
		};
		4D7CB42D2C29DA4900778215 /* Resources */ = {
			isa = PBXResourcesBuildPhase;
			buildActionMask = 2147483647;
			files = (
			);
			runOnlyForDeploymentPostprocessing = 0;
		};
/* End PBXResourcesBuildPhase section */

/* Begin PBXSourcesBuildPhase section */
		4D7CB4112C29DA4700778215 /* Sources */ = {
			isa = PBXSourcesBuildPhase;
			buildActionMask = 2147483647;
			files = (
				4D7CB41B2C29DA4700778215 /* ContentView.swift in Sources */,
				4D7CB4432C2AA33700778215 /* Video.swift in Sources */,
				4D7CB4192C29DA4700778215 /* SwiftUI_BasicsApp.swift in Sources */,
			);
			runOnlyForDeploymentPostprocessing = 0;
		};
		4D7CB4212C29DA4900778215 /* Sources */ = {
			isa = PBXSourcesBuildPhase;
			buildActionMask = 2147483647;
			files = (
				4D7CB42A2C29DA4900778215 /* SwiftUI_BasicsTests.swift in Sources */,
			);
			runOnlyForDeploymentPostprocessing = 0;
		};
		4D7CB42B2C29DA4900778215 /* Sources */ = {
			isa = PBXSourcesBuildPhase;
			buildActionMask = 2147483647;
			files = (
				4D7CB4342C29DA4900778215 /* SwiftUI_BasicsUITests.swift in Sources */,
				4D7CB4362C29DA4900778215 /* SwiftUI_BasicsUITestsLaunchTests.swift in Sources */,
			);
			runOnlyForDeploymentPostprocessing = 0;
		};
/* End PBXSourcesBuildPhase section */

/* Begin PBXTargetDependency section */
		4D7CB4272C29DA4900778215 /* PBXTargetDependency */ = {
			isa = PBXTargetDependency;
			target = 4D7CB4142C29DA4700778215 /* SwiftUI-Basics */;
			targetProxy = 4D7CB4262C29DA4900778215 /* PBXContainerItemProxy */;
		};
		4D7CB4312C29DA4900778215 /* PBXTargetDependency */ = {
			isa = PBXTargetDependency;
			target = 4D7CB4142C29DA4700778215 /* SwiftUI-Basics */;
			targetProxy = 4D7CB4302C29DA4900778215 /* PBXContainerItemProxy */;
		};
/* End PBXTargetDependency section */

/* Begin XCBuildConfiguration section */
		4D7CB4372C29DA4900778215 /* Debug */ = {
			isa = XCBuildConfiguration;
			buildSettings = {
				ALWAYS_SEARCH_USER_PATHS = NO;
				ASSETCATALOG_COMPILER_GENERATE_SWIFT_ASSET_SYMBOL_EXTENSIONS = YES;
				CLANG_ANALYZER_NONNULL = YES;
				CLANG_ANALYZER_NUMBER_OBJECT_CONVERSION = YES_AGGRESSIVE;
				CLANG_CXX_LANGUAGE_STANDARD = "gnu++20";
				CLANG_ENABLE_MODULES = YES;
				CLANG_ENABLE_OBJC_ARC = YES;
				CLANG_ENABLE_OBJC_WEAK = YES;
				CLANG_WARN_BLOCK_CAPTURE_AUTORELEASING = YES;
				CLANG_WARN_BOOL_CONVERSION = YES;
				CLANG_WARN_COMMA = YES;
				CLANG_WARN_CONSTANT_CONVERSION = YES;
				CLANG_WARN_DEPRECATED_OBJC_IMPLEMENTATIONS = YES;
				CLANG_WARN_DIRECT_OBJC_ISA_USAGE = YES_ERROR;
				CLANG_WARN_DOCUMENTATION_COMMENTS = YES;
				CLANG_WARN_EMPTY_BODY = YES;
				CLANG_WARN_ENUM_CONVERSION = YES;
				CLANG_WARN_INFINITE_RECURSION = YES;
				CLANG_WARN_INT_CONVERSION = YES;
				CLANG_WARN_NON_LITERAL_NULL_CONVERSION = YES;
				CLANG_WARN_OBJC_IMPLICIT_RETAIN_SELF = YES;
				CLANG_WARN_OBJC_LITERAL_CONVERSION = YES;
				CLANG_WARN_OBJC_ROOT_CLASS = YES_ERROR;
				CLANG_WARN_QUOTED_INCLUDE_IN_FRAMEWORK_HEADER = YES;
				CLANG_WARN_RANGE_LOOP_ANALYSIS = YES;
				CLANG_WARN_STRICT_PROTOTYPES = YES;
				CLANG_WARN_SUSPICIOUS_MOVE = YES;
				CLANG_WARN_UNGUARDED_AVAILABILITY = YES_AGGRESSIVE;
				CLANG_WARN_UNREACHABLE_CODE = YES;
				CLANG_WARN__DUPLICATE_METHOD_MATCH = YES;
				COPY_PHASE_STRIP = NO;
				DEBUG_INFORMATION_FORMAT = dwarf;
				ENABLE_STRICT_OBJC_MSGSEND = YES;
				ENABLE_TESTABILITY = YES;
				ENABLE_USER_SCRIPT_SANDBOXING = YES;
				GCC_C_LANGUAGE_STANDARD = gnu17;
				GCC_DYNAMIC_NO_PIC = NO;
				GCC_NO_COMMON_BLOCKS = YES;
				GCC_OPTIMIZATION_LEVEL = 0;
				GCC_PREPROCESSOR_DEFINITIONS = (
					"DEBUG=1",
					"$(inherited)",
				);
				GCC_WARN_64_TO_32_BIT_CONVERSION = YES;
				GCC_WARN_ABOUT_RETURN_TYPE = YES_ERROR;
				GCC_WARN_UNDECLARED_SELECTOR = YES;
				GCC_WARN_UNINITIALIZED_AUTOS = YES_AGGRESSIVE;
				GCC_WARN_UNUSED_FUNCTION = YES;
				GCC_WARN_UNUSED_VARIABLE = YES;
				IPHONEOS_DEPLOYMENT_TARGET = 17.5;
				LOCALIZATION_PREFERS_STRING_CATALOGS = YES;
				MTL_ENABLE_DEBUG_INFO = INCLUDE_SOURCE;
				MTL_FAST_MATH = YES;
				ONLY_ACTIVE_ARCH = YES;
				SDKROOT = iphoneos;
				SWIFT_ACTIVE_COMPILATION_CONDITIONS = "DEBUG $(inherited)";
				SWIFT_OPTIMIZATION_LEVEL = "-Onone";
			};
			name = Debug;
		};
		4D7CB4382C29DA4900778215 /* Release */ = {
			isa = XCBuildConfiguration;
			buildSettings = {
				ALWAYS_SEARCH_USER_PATHS = NO;
				ASSETCATALOG_COMPILER_GENERATE_SWIFT_ASSET_SYMBOL_EXTENSIONS = YES;
				CLANG_ANALYZER_NONNULL = YES;
				CLANG_ANALYZER_NUMBER_OBJECT_CONVERSION = YES_AGGRESSIVE;
				CLANG_CXX_LANGUAGE_STANDARD = "gnu++20";
				CLANG_ENABLE_MODULES = YES;
				CLANG_ENABLE_OBJC_ARC = YES;
				CLANG_ENABLE_OBJC_WEAK = YES;
				CLANG_WARN_BLOCK_CAPTURE_AUTORELEASING = YES;
				CLANG_WARN_BOOL_CONVERSION = YES;
				CLANG_WARN_COMMA = YES;
				CLANG_WARN_CONSTANT_CONVERSION = YES;
				CLANG_WARN_DEPRECATED_OBJC_IMPLEMENTATIONS = YES;
				CLANG_WARN_DIRECT_OBJC_ISA_USAGE = YES_ERROR;
				CLANG_WARN_DOCUMENTATION_COMMENTS = YES;
				CLANG_WARN_EMPTY_BODY = YES;
				CLANG_WARN_ENUM_CONVERSION = YES;
				CLANG_WARN_INFINITE_RECURSION = YES;
				CLANG_WARN_INT_CONVERSION = YES;
				CLANG_WARN_NON_LITERAL_NULL_CONVERSION = YES;
				CLANG_WARN_OBJC_IMPLICIT_RETAIN_SELF = YES;
				CLANG_WARN_OBJC_LITERAL_CONVERSION = YES;
				CLANG_WARN_OBJC_ROOT_CLASS = YES_ERROR;
				CLANG_WARN_QUOTED_INCLUDE_IN_FRAMEWORK_HEADER = YES;
				CLANG_WARN_RANGE_LOOP_ANALYSIS = YES;
				CLANG_WARN_STRICT_PROTOTYPES = YES;
				CLANG_WARN_SUSPICIOUS_MOVE = YES;
				CLANG_WARN_UNGUARDED_AVAILABILITY = YES_AGGRESSIVE;
				CLANG_WARN_UNREACHABLE_CODE = YES;
				CLANG_WARN__DUPLICATE_METHOD_MATCH = YES;
				COPY_PHASE_STRIP = NO;
				DEBUG_INFORMATION_FORMAT = "dwarf-with-dsym";
				ENABLE_NS_ASSERTIONS = NO;
				ENABLE_STRICT_OBJC_MSGSEND = YES;
				ENABLE_USER_SCRIPT_SANDBOXING = YES;
				GCC_C_LANGUAGE_STANDARD = gnu17;
				GCC_NO_COMMON_BLOCKS = YES;
				GCC_WARN_64_TO_32_BIT_CONVERSION = YES;
				GCC_WARN_ABOUT_RETURN_TYPE = YES_ERROR;
				GCC_WARN_UNDECLARED_SELECTOR = YES;
				GCC_WARN_UNINITIALIZED_AUTOS = YES_AGGRESSIVE;
				GCC_WARN_UNUSED_FUNCTION = YES;
				GCC_WARN_UNUSED_VARIABLE = YES;
				IPHONEOS_DEPLOYMENT_TARGET = 17.5;
				LOCALIZATION_PREFERS_STRING_CATALOGS = YES;
				MTL_ENABLE_DEBUG_INFO = NO;
				MTL_FAST_MATH = YES;
				SDKROOT = iphoneos;
				SWIFT_COMPILATION_MODE = wholemodule;
				VALIDATE_PRODUCT = YES;
			};
			name = Release;
		};
		4D7CB43A2C29DA4900778215 /* Debug */ = {
			isa = XCBuildConfiguration;
			buildSettings = {
				ASSETCATALOG_COMPILER_APPICON_NAME = AppIcon;
				ASSETCATALOG_COMPILER_GLOBAL_ACCENT_COLOR_NAME = AccentColor;
				CODE_SIGN_STYLE = Automatic;
				CURRENT_PROJECT_VERSION = 1;
				DEVELOPMENT_ASSET_PATHS = "\"SwiftUI-Basics/Preview Content\"";
				ENABLE_PREVIEWS = YES;
				GENERATE_INFOPLIST_FILE = YES;
				INFOPLIST_KEY_UIApplicationSceneManifest_Generation = YES;
				INFOPLIST_KEY_UIApplicationSupportsIndirectInputEvents = YES;
				INFOPLIST_KEY_UILaunchScreen_Generation = YES;
				INFOPLIST_KEY_UISupportedInterfaceOrientations_iPad = "UIInterfaceOrientationPortrait UIInterfaceOrientationPortraitUpsideDown UIInterfaceOrientationLandscapeLeft UIInterfaceOrientationLandscapeRight";
				INFOPLIST_KEY_UISupportedInterfaceOrientations_iPhone = "UIInterfaceOrientationPortrait UIInterfaceOrientationLandscapeLeft UIInterfaceOrientationLandscapeRight";
				LD_RUNPATH_SEARCH_PATHS = (
					"$(inherited)",
					"@executable_path/Frameworks",
				);
				MARKETING_VERSION = 1.0;
				PRODUCT_BUNDLE_IDENTIFIER = "waqar-boy.SwiftUI-Basics";
				PRODUCT_NAME = "$(TARGET_NAME)";
				SWIFT_EMIT_LOC_STRINGS = YES;
				SWIFT_VERSION = 5.0;
				TARGETED_DEVICE_FAMILY = "1,2";
			};
			name = Debug;
		};
		4D7CB43B2C29DA4900778215 /* Release */ = {
			isa = XCBuildConfiguration;
			buildSettings = {
				ASSETCATALOG_COMPILER_APPICON_NAME = AppIcon;
				ASSETCATALOG_COMPILER_GLOBAL_ACCENT_COLOR_NAME = AccentColor;
				CODE_SIGN_STYLE = Automatic;
				CURRENT_PROJECT_VERSION = 1;
				DEVELOPMENT_ASSET_PATHS = "\"SwiftUI-Basics/Preview Content\"";
				ENABLE_PREVIEWS = YES;
				GENERATE_INFOPLIST_FILE = YES;
				INFOPLIST_KEY_UIApplicationSceneManifest_Generation = YES;
				INFOPLIST_KEY_UIApplicationSupportsIndirectInputEvents = YES;
				INFOPLIST_KEY_UILaunchScreen_Generation = YES;
				INFOPLIST_KEY_UISupportedInterfaceOrientations_iPad = "UIInterfaceOrientationPortrait UIInterfaceOrientationPortraitUpsideDown UIInterfaceOrientationLandscapeLeft UIInterfaceOrientationLandscapeRight";
				INFOPLIST_KEY_UISupportedInterfaceOrientations_iPhone = "UIInterfaceOrientationPortrait UIInterfaceOrientationLandscapeLeft UIInterfaceOrientationLandscapeRight";
				LD_RUNPATH_SEARCH_PATHS = (
					"$(inherited)",
					"@executable_path/Frameworks",
				);
				MARKETING_VERSION = 1.0;
				PRODUCT_BUNDLE_IDENTIFIER = "waqar-boy.SwiftUI-Basics";
				PRODUCT_NAME = "$(TARGET_NAME)";
				SWIFT_EMIT_LOC_STRINGS = YES;
				SWIFT_VERSION = 5.0;
				TARGETED_DEVICE_FAMILY = "1,2";
			};
			name = Release;
		};
		4D7CB43D2C29DA4900778215 /* Debug */ = {
			isa = XCBuildConfiguration;
			buildSettings = {
				ALWAYS_EMBED_SWIFT_STANDARD_LIBRARIES = YES;
				BUNDLE_LOADER = "$(TEST_HOST)";
				CODE_SIGN_STYLE = Automatic;
				CURRENT_PROJECT_VERSION = 1;
				GENERATE_INFOPLIST_FILE = YES;
				IPHONEOS_DEPLOYMENT_TARGET = 17.5;
				MARKETING_VERSION = 1.0;
				PRODUCT_BUNDLE_IDENTIFIER = "waqar-boy.SwiftUI-BasicsTests";
				PRODUCT_NAME = "$(TARGET_NAME)";
				SWIFT_EMIT_LOC_STRINGS = NO;
				SWIFT_VERSION = 5.0;
				TARGETED_DEVICE_FAMILY = "1,2";
				TEST_HOST = "$(BUILT_PRODUCTS_DIR)/SwiftUI-Basics.app/$(BUNDLE_EXECUTABLE_FOLDER_PATH)/SwiftUI-Basics";
			};
			name = Debug;
		};
		4D7CB43E2C29DA4900778215 /* Release */ = {
			isa = XCBuildConfiguration;
			buildSettings = {
				ALWAYS_EMBED_SWIFT_STANDARD_LIBRARIES = YES;
				BUNDLE_LOADER = "$(TEST_HOST)";
				CODE_SIGN_STYLE = Automatic;
				CURRENT_PROJECT_VERSION = 1;
				GENERATE_INFOPLIST_FILE = YES;
				IPHONEOS_DEPLOYMENT_TARGET = 17.5;
				MARKETING_VERSION = 1.0;
				PRODUCT_BUNDLE_IDENTIFIER = "waqar-boy.SwiftUI-BasicsTests";
				PRODUCT_NAME = "$(TARGET_NAME)";
				SWIFT_EMIT_LOC_STRINGS = NO;
				SWIFT_VERSION = 5.0;
				TARGETED_DEVICE_FAMILY = "1,2";
				TEST_HOST = "$(BUILT_PRODUCTS_DIR)/SwiftUI-Basics.app/$(BUNDLE_EXECUTABLE_FOLDER_PATH)/SwiftUI-Basics";
			};
			name = Release;
		};
		4D7CB4402C29DA4900778215 /* Debug */ = {
			isa = XCBuildConfiguration;
			buildSettings = {
				ALWAYS_EMBED_SWIFT_STANDARD_LIBRARIES = YES;
				CODE_SIGN_STYLE = Automatic;
				CURRENT_PROJECT_VERSION = 1;
				GENERATE_INFOPLIST_FILE = YES;
				MARKETING_VERSION = 1.0;
				PRODUCT_BUNDLE_IDENTIFIER = "waqar-boy.SwiftUI-BasicsUITests";
				PRODUCT_NAME = "$(TARGET_NAME)";
				SWIFT_EMIT_LOC_STRINGS = NO;
				SWIFT_VERSION = 5.0;
				TARGETED_DEVICE_FAMILY = "1,2";
				TEST_TARGET_NAME = "SwiftUI-Basics";
			};
			name = Debug;
		};
		4D7CB4412C29DA4900778215 /* Release */ = {
			isa = XCBuildConfiguration;
			buildSettings = {
				ALWAYS_EMBED_SWIFT_STANDARD_LIBRARIES = YES;
				CODE_SIGN_STYLE = Automatic;
				CURRENT_PROJECT_VERSION = 1;
				GENERATE_INFOPLIST_FILE = YES;
				MARKETING_VERSION = 1.0;
				PRODUCT_BUNDLE_IDENTIFIER = "waqar-boy.SwiftUI-BasicsUITests";
				PRODUCT_NAME = "$(TARGET_NAME)";
				SWIFT_EMIT_LOC_STRINGS = NO;
				SWIFT_VERSION = 5.0;
				TARGETED_DEVICE_FAMILY = "1,2";
				TEST_TARGET_NAME = "SwiftUI-Basics";
			};
			name = Release;
		};
/* End XCBuildConfiguration section */

/* Begin XCConfigurationList section */
		4D7CB4102C29DA4700778215 /* Build configuration list for PBXProject "SwiftUI-Basics" */ = {
			isa = XCConfigurationList;
			buildConfigurations = (
				4D7CB4372C29DA4900778215 /* Debug */,
				4D7CB4382C29DA4900778215 /* Release */,
			);
			defaultConfigurationIsVisible = 0;
			defaultConfigurationName = Release;
		};
		4D7CB4392C29DA4900778215 /* Build configuration list for PBXNativeTarget "SwiftUI-Basics" */ = {
			isa = XCConfigurationList;
			buildConfigurations = (
				4D7CB43A2C29DA4900778215 /* Debug */,
				4D7CB43B2C29DA4900778215 /* Release */,
			);
			defaultConfigurationIsVisible = 0;
			defaultConfigurationName = Release;
		};
		4D7CB43C2C29DA4900778215 /* Build configuration list for PBXNativeTarget "SwiftUI-BasicsTests" */ = {
			isa = XCConfigurationList;
			buildConfigurations = (
				4D7CB43D2C29DA4900778215 /* Debug */,
				4D7CB43E2C29DA4900778215 /* Release */,
			);
			defaultConfigurationIsVisible = 0;
			defaultConfigurationName = Release;
		};
		4D7CB43F2C29DA4900778215 /* Build configuration list for PBXNativeTarget "SwiftUI-BasicsUITests" */ = {
			isa = XCConfigurationList;
			buildConfigurations = (
				4D7CB4402C29DA4900778215 /* Debug */,
				4D7CB4412C29DA4900778215 /* Release */,
			);
			defaultConfigurationIsVisible = 0;
			defaultConfigurationName = Release;
		};
/* End XCConfigurationList section */
	};
	rootObject = 4D7CB40D2C29DA4700778215 /* Project object */;
}
